
Microsoft Visual Studio Solution File, Format Version 12.00
# Visual Studio 14
VisualStudioVersion = 14.0.25420.1
MinimumVisualStudioVersion = 10.0.40219.1
Project("{FAE04EC0-301F-11D3-BF4B-00C04F79EFBC}") = "BluetoothDemo", "BluetoothDemo\BluetoothDemo.csproj", "{7D0CAB81-9736-4F3E-8B0D-C19F2BB76635}"
EndProject
Project("{FAE04EC0-301F-11D3-BF4B-00C04F79EFBC}") = "BeginInvokeTest", "BeginInvokeTest\BeginInvokeTest.csproj", "{74189794-1643-453D-92D5-401447029DFD}"
EndProject
Project("{FAE04EC0-301F-11D3-BF4B-00C04F79EFBC}") = "AsyncBindingTest", "AsyncBindingTest\AsyncBindingTest.csproj", "{099A3236-940B-4781-BDA6-307FE3784D83}"
EndProject
Project("{FAE04EC0-301F-11D3-BF4B-00C04F79EFBC}") = "ClassAndStructTest", "ClassAndStructTest\ClassAndStructTest.csproj", "{6FE30CE9-4E82-4BDB-9F0E-022125E9CAF2}"
EndProject
Project("{FAE04EC0-301F-11D3-BF4B-00C04F79EFBC}") = "ComTool", "ComTool\ComTool.csproj", "{887A396E-8C2A-4936-B523-42D4D1F04F1A}"
EndProject
Project("{FAE04EC0-301F-11D3-BF4B-00C04F79EFBC}") = "CopyImageTest", "CopyImageTest\CopyImageTest.csproj", "{6BA71F0E-13C9-4AA0-90E3-EF32EAB738DB}"
EndProject
Project("{FAE04EC0-301F-11D3-BF4B-00C04F79EFBC}") = "EmguApplication", "EmguApplication\EmguApplication.csproj", "{71959479-62E9-41A0-9D06-AE628A557F47}"
EndProject
Project("{FAE04EC0-301F-11D3-BF4B-00C04F79EFBC}") = "EnumDescriptionTest", "EnumDescriptionTest\EnumDescriptionTest.csproj", "{0012E030-8AA1-423C-B4E7-3CE0A34C4433}"
EndProject
Project("{FAE04EC0-301F-11D3-BF4B-00C04F79EFBC}") = "EventWaitHandleTest", "EventWaitHandleTest\EventWaitHandleTest.csproj", "{4F7F2209-1AA1-4A6C-B031-9A0A9640CC4E}"
EndProject
Project("{FAE04EC0-301F-11D3-BF4B-00C04F79EFBC}") = "DrawRingTest", "DrawRingTest\DrawRingTest.csproj", "{CDEE9B8F-E371-4B98-8147-481DBDC0F6F1}"
EndProject
Project("{FAE04EC0-301F-11D3-BF4B-00C04F79EFBC}") = "DrawRectangleTest", "DrawRectangleTest\DrawRectangleTest.csproj", "{7C3E7BF1-7A72-4DDC-8F58-1EC7DA7B65FD}"
EndProject
Project("{FAE04EC0-301F-11D3-BF4B-00C04F79EFBC}") = "IDValidCheck", "IDValidCheck\IDValidCheck.csproj", "{C287237A-0F52-4819-BA0F-1977F31BC5B7}"
EndProject
Project("{FAE04EC0-301F-11D3-BF4B-00C04F79EFBC}") = "InheritTest", "InheritTest\InheritTest.csproj", "{7AD13F01-7FC9-46CD-B64B-45CB0A5C483A}"
EndProject
Project("{FAE04EC0-301F-11D3-BF4B-00C04F79EFBC}") = "InterfaceTest", "InterfaceTest\InterfaceTest.csproj", "{6A603FDD-BCB8-4A82-84B2-E367CFF3D010}"
EndProject
Project("{FAE04EC0-301F-11D3-BF4B-00C04F79EFBC}") = "ModifierTest", "ModifierTest\ModifierTest.csproj", "{7530E62E-2190-40D6-91A3-DA340FC14608}"
EndProject
Project("{FAE04EC0-301F-11D3-BF4B-00C04F79EFBC}") = "ObjRefTest", "ObjRefTest\ObjRefTest.csproj", "{6761A660-1DF2-4DE3-99D8-14D93E7EC010}"
EndProject
Project("{FAE04EC0-301F-11D3-BF4B-00C04F79EFBC}") = "OnPaintRuntimeTest", "OnPaintRuntimeTest\OnPaintRuntimeTest.csproj", "{E1675BC1-0B88-48A2-9E5E-13337D1F367E}"
EndProject
Project("{FAE04EC0-301F-11D3-BF4B-00C04F79EFBC}") = "DeepClone", "DeepClone\DeepClone.csproj", "{217CEB90-012E-43FD-822B-EEF0D34EA2A6}"
EndProject
Project("{FAE04EC0-301F-11D3-BF4B-00C04F79EFBC}") = "ProtoTypeTest", "ProtoTypeTest\ProtoTypeTest.csproj", "{8BC9230B-43F2-40BD-B257-78B830D758C4}"
EndProject
Project("{FAE04EC0-301F-11D3-BF4B-00C04F79EFBC}") = "RegexTest", "RegexTest\RegexTest.csproj", "{F0590FAF-DCCB-47C1-B239-67DE1311C01A}"
EndProject
Project("{FAE04EC0-301F-11D3-BF4B-00C04F79EFBC}") = "StructTest", "StructTest\StructTest.csproj", "{82D42778-206A-477E-824B-E26A9D661972}"
EndProject
Global
	GlobalSection(SolutionConfigurationPlatforms) = preSolution
		Debug|Any CPU = Debug|Any CPU
		Release|Any CPU = Release|Any CPU
	EndGlobalSection
	GlobalSection(ProjectConfigurationPlatforms) = postSolution
		{7D0CAB81-9736-4F3E-8B0D-C19F2BB76635}.Debug|Any CPU.ActiveCfg = Debug|Any CPU
		{7D0CAB81-9736-4F3E-8B0D-C19F2BB76635}.Debug|Any CPU.Build.0 = Debug|Any CPU
		{7D0CAB81-9736-4F3E-8B0D-C19F2BB76635}.Release|Any CPU.ActiveCfg = Release|Any CPU
		{7D0CAB81-9736-4F3E-8B0D-C19F2BB76635}.Release|Any CPU.Build.0 = Release|Any CPU
		{74189794-1643-453D-92D5-401447029DFD}.Debug|Any CPU.ActiveCfg = Debug|Any CPU
		{74189794-1643-453D-92D5-401447029DFD}.Debug|Any CPU.Build.0 = Debug|Any CPU
		{74189794-1643-453D-92D5-401447029DFD}.Release|Any CPU.ActiveCfg = Release|Any CPU
		{74189794-1643-453D-92D5-401447029DFD}.Release|Any CPU.Build.0 = Release|Any CPU
		{099A3236-940B-4781-BDA6-307FE3784D83}.Debug|Any CPU.ActiveCfg = Debug|Any CPU
		{099A3236-940B-4781-BDA6-307FE3784D83}.Debug|Any CPU.Build.0 = Debug|Any CPU
		{099A3236-940B-4781-BDA6-307FE3784D83}.Release|Any CPU.ActiveCfg = Release|Any CPU
		{099A3236-940B-4781-BDA6-307FE3784D83}.Release|Any CPU.Build.0 = Release|Any CPU
		{6FE30CE9-4E82-4BDB-9F0E-022125E9CAF2}.Debug|Any CPU.ActiveCfg = Debug|Any CPU
		{6FE30CE9-4E82-4BDB-9F0E-022125E9CAF2}.Debug|Any CPU.Build.0 = Debug|Any CPU
		{6FE30CE9-4E82-4BDB-9F0E-022125E9CAF2}.Release|Any CPU.ActiveCfg = Release|Any CPU
		{6FE30CE9-4E82-4BDB-9F0E-022125E9CAF2}.Release|Any CPU.Build.0 = Release|Any CPU
		{887A396E-8C2A-4936-B523-42D4D1F04F1A}.Debug|Any CPU.ActiveCfg = Debug|Any CPU
		{887A396E-8C2A-4936-B523-42D4D1F04F1A}.Debug|Any CPU.Build.0 = Debug|Any CPU
		{887A396E-8C2A-4936-B523-42D4D1F04F1A}.Release|Any CPU.ActiveCfg = Release|Any CPU
		{887A396E-8C2A-4936-B523-42D4D1F04F1A}.Release|Any CPU.Build.0 = Release|Any CPU
		{6BA71F0E-13C9-4AA0-90E3-EF32EAB738DB}.Debug|Any CPU.ActiveCfg = Debug|Any CPU
		{6BA71F0E-13C9-4AA0-90E3-EF32EAB738DB}.Debug|Any CPU.Build.0 = Debug|Any CPU
		{6BA71F0E-13C9-4AA0-90E3-EF32EAB738DB}.Release|Any CPU.ActiveCfg = Release|Any CPU
		{6BA71F0E-13C9-4AA0-90E3-EF32EAB738DB}.Release|Any CPU.Build.0 = Release|Any CPU
		{71959479-62E9-41A0-9D06-AE628A557F47}.Debug|Any CPU.ActiveCfg = Debug|Any CPU
		{71959479-62E9-41A0-9D06-AE628A557F47}.Debug|Any CPU.Build.0 = Debug|Any CPU
		{71959479-62E9-41A0-9D06-AE628A557F47}.Release|Any CPU.ActiveCfg = Release|Any CPU
		{71959479-62E9-41A0-9D06-AE628A557F47}.Release|Any CPU.Build.0 = Release|Any CPU
		{0012E030-8AA1-423C-B4E7-3CE0A34C4433}.Debug|Any CPU.ActiveCfg = Debug|Any CPU
		{0012E030-8AA1-423C-B4E7-3CE0A34C4433}.Debug|Any CPU.Build.0 = Debug|Any CPU
		{0012E030-8AA1-423C-B4E7-3CE0A34C4433}.Release|Any CPU.ActiveCfg = Release|Any CPU
		{0012E030-8AA1-423C-B4E7-3CE0A34C4433}.Release|Any CPU.Build.0 = Release|Any CPU
		{4F7F2209-1AA1-4A6C-B031-9A0A9640CC4E}.Debug|Any CPU.ActiveCfg = Debug|Any CPU
		{4F7F2209-1AA1-4A6C-B031-9A0A9640CC4E}.Debug|Any CPU.Build.0 = Debug|Any CPU
		{4F7F2209-1AA1-4A6C-B031-9A0A9640CC4E}.Release|Any CPU.ActiveCfg = Release|Any CPU
		{4F7F2209-1AA1-4A6C-B031-9A0A9640CC4E}.Release|Any CPU.Build.0 = Release|Any CPU
		{CDEE9B8F-E371-4B98-8147-481DBDC0F6F1}.Debug|Any CPU.ActiveCfg = Debug|Any CPU
		{CDEE9B8F-E371-4B98-8147-481DBDC0F6F1}.Debug|Any CPU.Build.0 = Debug|Any CPU
		{CDEE9B8F-E371-4B98-8147-481DBDC0F6F1}.Release|Any CPU.ActiveCfg = Release|Any CPU
		{CDEE9B8F-E371-4B98-8147-481DBDC0F6F1}.Release|Any CPU.Build.0 = Release|Any CPU
		{7C3E7BF1-7A72-4DDC-8F58-1EC7DA7B65FD}.Debug|Any CPU.ActiveCfg = Debug|Any CPU
		{7C3E7BF1-7A72-4DDC-8F58-1EC7DA7B65FD}.Debug|Any CPU.Build.0 = Debug|Any CPU
		{7C3E7BF1-7A72-4DDC-8F58-1EC7DA7B65FD}.Release|Any CPU.ActiveCfg = Release|Any CPU
		{7C3E7BF1-7A72-4DDC-8F58-1EC7DA7B65FD}.Release|Any CPU.Build.0 = Release|Any CPU
		{C287237A-0F52-4819-BA0F-1977F31BC5B7}.Debug|Any CPU.ActiveCfg = Debug|Any CPU
		{C287237A-0F52-4819-BA0F-1977F31BC5B7}.Debug|Any CPU.Build.0 = Debug|Any CPU
		{C287237A-0F52-4819-BA0F-1977F31BC5B7}.Release|Any CPU.ActiveCfg = Release|Any CPU
		{C287237A-0F52-4819-BA0F-1977F31BC5B7}.Release|Any CPU.Build.0 = Release|Any CPU
		{7AD13F01-7FC9-46CD-B64B-45CB0A5C483A}.Debug|Any CPU.ActiveCfg = Debug|Any CPU
		{7AD13F01-7FC9-46CD-B64B-45CB0A5C483A}.Debug|Any CPU.Build.0 = Debug|Any CPU
		{7AD13F01-7FC9-46CD-B64B-45CB0A5C483A}.Release|Any CPU.ActiveCfg = Release|Any CPU
		{7AD13F01-7FC9-46CD-B64B-45CB0A5C483A}.Release|Any CPU.Build.0 = Release|Any CPU
		{6A603FDD-BCB8-4A82-84B2-E367CFF3D010}.Debug|Any CPU.ActiveCfg = Debug|Any CPU
		{6A603FDD-BCB8-4A82-84B2-E367CFF3D010}.Debug|Any CPU.Build.0 = Debug|Any CPU
		{6A603FDD-BCB8-4A82-84B2-E367CFF3D010}.Release|Any CPU.ActiveCfg = Release|Any CPU
		{6A603FDD-BCB8-4A82-84B2-E367CFF3D010}.Release|Any CPU.Build.0 = Release|Any CPU
		{7530E62E-2190-40D6-91A3-DA340FC14608}.Debug|Any CPU.ActiveCfg = Debug|Any CPU
		{7530E62E-2190-40D6-91A3-DA340FC14608}.Debug|Any CPU.Build.0 = Debug|Any CPU
		{7530E62E-2190-40D6-91A3-DA340FC14608}.Release|Any CPU.ActiveCfg = Release|Any CPU
		{7530E62E-2190-40D6-91A3-DA340FC14608}.Release|Any CPU.Build.0 = Release|Any CPU
		{6761A660-1DF2-4DE3-99D8-14D93E7EC010}.Debug|Any CPU.ActiveCfg = Debug|Any CPU
		{6761A660-1DF2-4DE3-99D8-14D93E7EC010}.Debug|Any CPU.Build.0 = Debug|Any CPU
		{6761A660-1DF2-4DE3-99D8-14D93E7EC010}.Release|Any CPU.ActiveCfg = Release|Any CPU
		{6761A660-1DF2-4DE3-99D8-14D93E7EC010}.Release|Any CPU.Build.0 = Release|Any CPU
		{E1675BC1-0B88-48A2-9E5E-13337D1F367E}.Debug|Any CPU.ActiveCfg = Debug|Any CPU
		{E1675BC1-0B88-48A2-9E5E-13337D1F367E}.Debug|Any CPU.Build.0 = Debug|Any CPU
		{E1675BC1-0B88-48A2-9E5E-13337D1F367E}.Release|Any CPU.ActiveCfg = Release|Any CPU
		{E1675BC1-0B88-48A2-9E5E-13337D1F367E}.Release|Any CPU.Build.0 = Release|Any CPU
		{217CEB90-012E-43FD-822B-EEF0D34EA2A6}.Debug|Any CPU.ActiveCfg = Debug|Any CPU
		{217CEB90-012E-43FD-822B-EEF0D34EA2A6}.Debug|Any CPU.Build.0 = Debug|Any CPU
		{217CEB90-012E-43FD-822B-EEF0D34EA2A6}.Release|Any CPU.ActiveCfg = Release|Any CPU
		{217CEB90-012E-43FD-822B-EEF0D34EA2A6}.Release|Any CPU.Build.0 = Release|Any CPU
		{8BC9230B-43F2-40BD-B257-78B830D758C4}.Debug|Any CPU.ActiveCfg = Debug|Any CPU
		{8BC9230B-43F2-40BD-B257-78B830D758C4}.Debug|Any CPU.Build.0 = Debug|Any CPU
		{8BC9230B-43F2-40BD-B257-78B830D758C4}.Release|Any CPU.ActiveCfg = Release|Any CPU
		{8BC9230B-43F2-40BD-B257-78B830D758C4}.Release|Any CPU.Build.0 = Release|Any CPU
		{F0590FAF-DCCB-47C1-B239-67DE1311C01A}.Debug|Any CPU.ActiveCfg = Debug|Any CPU
		{F0590FAF-DCCB-47C1-B239-67DE1311C01A}.Debug|Any CPU.Build.0 = Debug|Any CPU
		{F0590FAF-DCCB-47C1-B239-67DE1311C01A}.Release|Any CPU.ActiveCfg = Release|Any CPU
		{F0590FAF-DCCB-47C1-B239-67DE1311C01A}.Release|Any CPU.Build.0 = Release|Any CPU
		{82D42778-206A-477E-824B-E26A9D661972}.Debug|Any CPU.ActiveCfg = Debug|Any CPU
		{82D42778-206A-477E-824B-E26A9D661972}.Debug|Any CPU.Build.0 = Debug|Any CPU
		{82D42778-206A-477E-824B-E26A9D661972}.Release|Any CPU.ActiveCfg = Release|Any CPU
		{82D42778-206A-477E-824B-E26A9D661972}.Release|Any CPU.Build.0 = Release|Any CPU
	EndGlobalSection
	GlobalSection(SolutionProperties) = preSolution
		HideSolutionNode = FALSE
	EndGlobalSection
EndGlobal
